
Microsoft Visual Studio Solution File, Format Version 12.00
# Visual Studio Version 17
VisualStudioVersion = 17.12.35527.113 d17.12
MinimumVisualStudioVersion = 10.0.40219.1
Project("{FAE04EC0-301F-11D3-BF4B-00C04F79EFBC}") = "First.Blog.Web", "First.Blog.Web\First.Blog.Web.csproj", "{F33B6B52-5A8B-42B4-8470-1B0338C3D895}"
EndProject
Project("{FAE04EC0-301F-11D3-BF4B-00C04F79EFBC}") = "Blog.DataLayer", "Blog.DataLayer\Blog.DataLayer.csproj", "{183FFD82-EDD0-40C9-B150-273086249828}"
EndProject
Project("{FAE04EC0-301F-11D3-BF4B-00C04F79EFBC}") = "Blog.CoreLayer", "Blog.Core\Blog.CoreLayer.csproj", "{B59C5D2B-20A4-47B5-8147-6E5591274D82}"
EndProject
Project("{2150E333-8FDC-42A3-9474-1A3956D46DE8}") = "Endpoint", "Endpoint", "{E94451F3-FEEE-4D6F-9C00-739DFB7E26DE}"
EndProject
Project("{2150E333-8FDC-42A3-9474-1A3956D46DE8}") = "Core", "Core", "{8359E206-437F-44DB-BBE3-C8906F2DAB3E}"
EndProject
Project("{2150E333-8FDC-42A3-9474-1A3956D46DE8}") = "DateLayer", "DateLayer", "{9CC63CFA-D607-4E0C-831B-EC87AB49B3CA}"
EndProject
Global
	GlobalSection(SolutionConfigurationPlatforms) = preSolution
		Debug|Any CPU = Debug|Any CPU
		Release|Any CPU = Release|Any CPU
	EndGlobalSection
	GlobalSection(ProjectConfigurationPlatforms) = postSolution
		{F33B6B52-5A8B-42B4-8470-1B0338C3D895}.Debug|Any CPU.ActiveCfg = Debug|Any CPU
		{F33B6B52-5A8B-42B4-8470-1B0338C3D895}.Debug|Any CPU.Build.0 = Debug|Any CPU
		{F33B6B52-5A8B-42B4-8470-1B0338C3D895}.Release|Any CPU.ActiveCfg = Release|Any CPU
		{F33B6B52-5A8B-42B4-8470-1B0338C3D895}.Release|Any CPU.Build.0 = Release|Any CPU
		{183FFD82-EDD0-40C9-B150-273086249828}.Debug|Any CPU.ActiveCfg = Debug|Any CPU
		{183FFD82-EDD0-40C9-B150-273086249828}.Debug|Any CPU.Build.0 = Debug|Any CPU
		{183FFD82-EDD0-40C9-B150-273086249828}.Release|Any CPU.ActiveCfg = Release|Any CPU
		{183FFD82-EDD0-40C9-B150-273086249828}.Release|Any CPU.Build.0 = Release|Any CPU
		{B59C5D2B-20A4-47B5-8147-6E5591274D82}.Debug|Any CPU.ActiveCfg = Debug|Any CPU
		{B59C5D2B-20A4-47B5-8147-6E5591274D82}.Debug|Any CPU.Build.0 = Debug|Any CPU
		{B59C5D2B-20A4-47B5-8147-6E5591274D82}.Release|Any CPU.ActiveCfg = Release|Any CPU
		{B59C5D2B-20A4-47B5-8147-6E5591274D82}.Release|Any CPU.Build.0 = Release|Any CPU
	EndGlobalSection
	GlobalSection(SolutionProperties) = preSolution
		HideSolutionNode = FALSE
	EndGlobalSection
	GlobalSection(NestedProjects) = preSolution
		{F33B6B52-5A8B-42B4-8470-1B0338C3D895} = {E94451F3-FEEE-4D6F-9C00-739DFB7E26DE}
		{183FFD82-EDD0-40C9-B150-273086249828} = {9CC63CFA-D607-4E0C-831B-EC87AB49B3CA}
		{B59C5D2B-20A4-47B5-8147-6E5591274D82} = {8359E206-437F-44DB-BBE3-C8906F2DAB3E}
	EndGlobalSection
EndGlobal
